
Microsoft Visual Studio Solution File, Format Version 12.00
# Visual Studio Version 17
VisualStudioVersion = 17.0.31903.59
MinimumVisualStudioVersion = 10.0.40219.1
Project("{2150E333-8FDC-42A3-9474-1A3956D46DE8}") = "player_692c23fdb90f3190eaa7a2c9_1765974294513", "player_692c23fdb90f3190eaa7a2c9_1765974294513", "{1552305A-5663-4DA8-BA0C-06A6E90647C0}"
EndProject
Project("{FAE04EC0-301F-11D3-BF4B-00C04F79EFBC}") = "PlayerCode", "player_692c23fdb90f3190eaa7a2c9_1765974294513\PlayerCode\PlayerCode.csproj", "{A7B336A9-DA88-48C1-B586-A9D69FF363FD}"
EndProject
Project("{FAE04EC0-301F-11D3-BF4B-00C04F79EFBC}") = "PlayerTests", "player_692c23fdb90f3190eaa7a2c9_1765974294513\PlayerTests\PlayerTests.csproj", "{B21A8D47-28EF-4004-BF69-AEF54707B7F5}"
EndProject
Global
	GlobalSection(SolutionConfigurationPlatforms) = preSolution
		Debug|Any CPU = Debug|Any CPU
		Release|Any CPU = Release|Any CPU
	EndGlobalSection
	GlobalSection(SolutionProperties) = preSolution
		HideSolutionNode = FALSE
	EndGlobalSection
	GlobalSection(ProjectConfigurationPlatforms) = postSolution
		{A7B336A9-DA88-48C1-B586-A9D69FF363FD}.Debug|Any CPU.ActiveCfg = Debug|Any CPU
		{A7B336A9-DA88-48C1-B586-A9D69FF363FD}.Debug|Any CPU.Build.0 = Debug|Any CPU
		{A7B336A9-DA88-48C1-B586-A9D69FF363FD}.Release|Any CPU.ActiveCfg = Release|Any CPU
		{A7B336A9-DA88-48C1-B586-A9D69FF363FD}.Release|Any CPU.Build.0 = Release|Any CPU
		{B21A8D47-28EF-4004-BF69-AEF54707B7F5}.Debug|Any CPU.ActiveCfg = Debug|Any CPU
		{B21A8D47-28EF-4004-BF69-AEF54707B7F5}.Debug|Any CPU.Build.0 = Debug|Any CPU
		{B21A8D47-28EF-4004-BF69-AEF54707B7F5}.Release|Any CPU.ActiveCfg = Release|Any CPU
		{B21A8D47-28EF-4004-BF69-AEF54707B7F5}.Release|Any CPU.Build.0 = Release|Any CPU
	EndGlobalSection
	GlobalSection(NestedProjects) = preSolution
		{A7B336A9-DA88-48C1-B586-A9D69FF363FD} = {1552305A-5663-4DA8-BA0C-06A6E90647C0}
		{B21A8D47-28EF-4004-BF69-AEF54707B7F5} = {1552305A-5663-4DA8-BA0C-06A6E90647C0}
	EndGlobalSection
EndGlobal
